
Microsoft Visual Studio Solution File, Format Version 12.00
# Visual Studio Version 16
VisualStudioVersion = 16.0.31105.61
MinimumVisualStudioVersion = 10.0.40219.1
Project("{FAE04EC0-301F-11D3-BF4B-00C04F79EFBC}") = "Entities", "Entities\Entities.csproj", "{C754342C-1B44-4E42-90AA-A2D6987D9F3E}"
EndProject
Project("{FAE04EC0-301F-11D3-BF4B-00C04F79EFBC}") = "DataAccess", "DataAccess\DataAccess.csproj", "{FC975BD6-1CC3-4041-8F97-0F2E28877683}"
EndProject
Project("{FAE04EC0-301F-11D3-BF4B-00C04F79EFBC}") = "Business", "Business\Business.csproj", "{EC0F2C2F-AEB2-4ADA-A7A7-F6F05FDDDB77}"
EndProject
Project("{FAE04EC0-301F-11D3-BF4B-00C04F79EFBC}") = "ConsoleUI", "ConsoleUI\ConsoleUI.csproj", "{55C6816A-D4E8-49A9-9187-0887ABAFE0C7}"
EndProject
Global
	GlobalSection(SolutionConfigurationPlatforms) = preSolution
		Debug|Any CPU = Debug|Any CPU
		Release|Any CPU = Release|Any CPU
	EndGlobalSection
	GlobalSection(ProjectConfigurationPlatforms) = postSolution
		{C754342C-1B44-4E42-90AA-A2D6987D9F3E}.Debug|Any CPU.ActiveCfg = Debug|Any CPU
		{C754342C-1B44-4E42-90AA-A2D6987D9F3E}.Debug|Any CPU.Build.0 = Debug|Any CPU
		{C754342C-1B44-4E42-90AA-A2D6987D9F3E}.Release|Any CPU.ActiveCfg = Release|Any CPU
		{C754342C-1B44-4E42-90AA-A2D6987D9F3E}.Release|Any CPU.Build.0 = Release|Any CPU
		{FC975BD6-1CC3-4041-8F97-0F2E28877683}.Debug|Any CPU.ActiveCfg = Debug|Any CPU
		{FC975BD6-1CC3-4041-8F97-0F2E28877683}.Debug|Any CPU.Build.0 = Debug|Any CPU
		{FC975BD6-1CC3-4041-8F97-0F2E28877683}.Release|Any CPU.ActiveCfg = Release|Any CPU
		{FC975BD6-1CC3-4041-8F97-0F2E28877683}.Release|Any CPU.Build.0 = Release|Any CPU
		{EC0F2C2F-AEB2-4ADA-A7A7-F6F05FDDDB77}.Debug|Any CPU.ActiveCfg = Debug|Any CPU
		{EC0F2C2F-AEB2-4ADA-A7A7-F6F05FDDDB77}.Debug|Any CPU.Build.0 = Debug|Any CPU
		{EC0F2C2F-AEB2-4ADA-A7A7-F6F05FDDDB77}.Release|Any CPU.ActiveCfg = Release|Any CPU
		{EC0F2C2F-AEB2-4ADA-A7A7-F6F05FDDDB77}.Release|Any CPU.Build.0 = Release|Any CPU
		{55C6816A-D4E8-49A9-9187-0887ABAFE0C7}.Debug|Any CPU.ActiveCfg = Debug|Any CPU
		{55C6816A-D4E8-49A9-9187-0887ABAFE0C7}.Debug|Any CPU.Build.0 = Debug|Any CPU
		{55C6816A-D4E8-49A9-9187-0887ABAFE0C7}.Release|Any CPU.ActiveCfg = Release|Any CPU
		{55C6816A-D4E8-49A9-9187-0887ABAFE0C7}.Release|Any CPU.Build.0 = Release|Any CPU
	EndGlobalSection
	GlobalSection(SolutionProperties) = preSolution
		HideSolutionNode = FALSE
	EndGlobalSection
	GlobalSection(ExtensibilityGlobals) = postSolution
		SolutionGuid = {B152F2E6-D214-4F11-8389-1E98BB4A7727}
	EndGlobalSection
EndGlobal
